// !$*UTF8*$!
{
	archiveVersion = 1;
	classes = {
	};
	objectVersion = 54;
	objects = {

/* Begin PBXBuildFile section */
		0B628177235DEE8100E35CAF /* AppDelegate.swift in Sources */ = {isa = PBXBuildFile; fileRef = 0B628176235DEE8100E35CAF /* AppDelegate.swift */; };
		0B628179235DEE8100E35CAF /* SceneDelegate.swift in Sources */ = {isa = PBXBuildFile; fileRef = 0B628178235DEE8100E35CAF /* SceneDelegate.swift */; };
		0B628180235DEE8400E35CAF /* Assets.xcassets in Resources */ = {isa = PBXBuildFile; fileRef = 0B62817F235DEE8400E35CAF /* Assets.xcassets */; };
		0B62818B235DF00000E35CAF /* WelcomeViewController.swift in Sources */ = {isa = PBXBuildFile; fileRef = 0B62818A235DF00000E35CAF /* WelcomeViewController.swift */; };
		0B62818D235DF00B00E35CAF /* RegisterViewController.swift in Sources */ = {isa = PBXBuildFile; fileRef = 0B62818C235DF00B00E35CAF /* RegisterViewController.swift */; };
		0B62818F235DF01000E35CAF /* LoginViewController.swift in Sources */ = {isa = PBXBuildFile; fileRef = 0B62818E235DF01000E35CAF /* LoginViewController.swift */; };
		0B628191235DF01B00E35CAF /* ChatViewController.swift in Sources */ = {isa = PBXBuildFile; fileRef = 0B628190235DF01B00E35CAF /* ChatViewController.swift */; };
		0B62819E235F0F4D00E35CAF /* README.md in Resources */ = {isa = PBXBuildFile; fileRef = 0B62819D235F0F4D00E35CAF /* README.md */; };
		115201873AC150BB860781C5 /* Pods_Flash_Chat_iOS13.framework in Frameworks */ = {isa = PBXBuildFile; fileRef = 8DF8E8B13F37AF1D0106C5DD /* Pods_Flash_Chat_iOS13.framework */; };
		137551CD2C3FB2150027D51C /* Main.storyboard in Resources */ = {isa = PBXBuildFile; fileRef = 137551CB2C3FB2150027D51C /* Main.storyboard */; };
		F32B994E2B18AB9C00D0A099 /* Alamofire in Frameworks */ = {isa = PBXBuildFile; productRef = F32B994D2B18AB9C00D0A099 /* Alamofire */; };
		F32B99502B18AD2300D0A099 /* GoogleService-Info.plist in Resources */ = {isa = PBXBuildFile; fileRef = F32B994F2B18AD2300D0A099 /* GoogleService-Info.plist */; };
		F3917BFB2B19A83300DB5D42 /* Constants.swift in Sources */ = {isa = PBXBuildFile; fileRef = F3917BFA2B19A83300DB5D42 /* Constants.swift */; };
		F3917BFD2B19ACDD00DB5D42 /* Message.swift in Sources */ = {isa = PBXBuildFile; fileRef = F3917BFC2B19ACDD00DB5D42 /* Message.swift */; };
		F3917C082B19BA6A00DB5D42 /* MessageCell.swift in Sources */ = {isa = PBXBuildFile; fileRef = F3917C062B19BA6A00DB5D42 /* MessageCell.swift */; };
		F3917C092B19BA6A00DB5D42 /* MessageCell.xib in Resources */ = {isa = PBXBuildFile; fileRef = F3917C072B19BA6A00DB5D42 /* MessageCell.xib */; };
		F3917C0D2B282EEE00DB5D42 /* IQKeyboardManagerSwift in Frameworks */ = {isa = PBXBuildFile; productRef = F3917C0C2B282EEE00DB5D42 /* IQKeyboardManagerSwift */; };
/* End PBXBuildFile section */

/* Begin PBXContainerItemProxy section */
		137551E62C3FB4560027D51C /* PBXContainerItemProxy */ = {
			isa = PBXContainerItemProxy;
			containerPortal = 137551CE2C3FB4560027D51C /* Pods.xcodeproj */;
			proxyType = 2;
			remoteGlobalIDString = BF96B57ADE05E8909F823BDF6868B3E3;
			remoteInfo = abseil;
		};
		137551E82C3FB4560027D51C /* PBXContainerItemProxy */ = {
			isa = PBXContainerItemProxy;
			containerPortal = 137551CE2C3FB4560027D51C /* Pods.xcodeproj */;
			proxyType = 2;
			remoteGlobalIDString = 514D7742C6CBB0BDBD9984AEE97DDFDE;
			remoteInfo = "BoringSSL-GRPC";
		};
		137551EA2C3FB4560027D51C /* PBXContainerItemProxy */ = {
			isa = PBXContainerItemProxy;
			containerPortal = 137551CE2C3FB4560027D51C /* Pods.xcodeproj */;
			proxyType = 2;
			remoteGlobalIDString = CE8765B3053874E73AFDC78B5D6B4396;
			remoteInfo = CLTypingLabel;
		};
		137551EC2C3FB4560027D51C /* PBXContainerItemProxy */ = {
			isa = PBXContainerItemProxy;
			containerPortal = 137551CE2C3FB4560027D51C /* Pods.xcodeproj */;
			proxyType = 2;
			remoteGlobalIDString = 81418C93A311F0492F62A8F88C3BD66B;
			remoteInfo = FirebaseAppCheckInterop;
		};
		137551EE2C3FB4560027D51C /* PBXContainerItemProxy */ = {
			isa = PBXContainerItemProxy;
			containerPortal = 137551CE2C3FB4560027D51C /* Pods.xcodeproj */;
			proxyType = 2;
			remoteGlobalIDString = 43B1E4CD7B30B9FD278100133C2AC788;
			remoteInfo = FirebaseAuth;
		};
		137551F02C3FB4560027D51C /* PBXContainerItemProxy */ = {
			isa = PBXContainerItemProxy;
			containerPortal = 137551CE2C3FB4560027D51C /* Pods.xcodeproj */;
			proxyType = 2;
			remoteGlobalIDString = E2B63D462DB7F827C4B11FD51E4F8E2D;
			remoteInfo = FirebaseCore;
		};
		137551F22C3FB4560027D51C /* PBXContainerItemProxy */ = {
			isa = PBXContainerItemProxy;
			containerPortal = 137551CE2C3FB4560027D51C /* Pods.xcodeproj */;
			proxyType = 2;
			remoteGlobalIDString = AEF1DC80F0EB62580B81D18786BAF924;
			remoteInfo = FirebaseCoreExtension;
		};
		137551F42C3FB4560027D51C /* PBXContainerItemProxy */ = {
			isa = PBXContainerItemProxy;
			containerPortal = 137551CE2C3FB4560027D51C /* Pods.xcodeproj */;
			proxyType = 2;
			remoteGlobalIDString = 148D0F9E8C7373FEAF40D800FC5F1BAA;
			remoteInfo = FirebaseCoreInternal;
		};
		137551F62C3FB4560027D51C /* PBXContainerItemProxy */ = {
			isa = PBXContainerItemProxy;
			containerPortal = 137551CE2C3FB4560027D51C /* Pods.xcodeproj */;
			proxyType = 2;
			remoteGlobalIDString = 92000153CD73F7FC2DBAB4AB708269F3;
			remoteInfo = FirebaseFirestore;
		};
		137551F82C3FB4560027D51C /* PBXContainerItemProxy */ = {
			isa = PBXContainerItemProxy;
			containerPortal = 137551CE2C3FB4560027D51C /* Pods.xcodeproj */;
			proxyType = 2;
			remoteGlobalIDString = C6C0434B66B1A1EA497F81126A2C4DC6;
			remoteInfo = FirebaseFirestoreInternal;
		};
		137551FA2C3FB4560027D51C /* PBXContainerItemProxy */ = {
			isa = PBXContainerItemProxy;
			containerPortal = 137551CE2C3FB4560027D51C /* Pods.xcodeproj */;
			proxyType = 2;
			remoteGlobalIDString = 519172F62353C84795D05BA8A499936B;
			remoteInfo = FirebaseSharedSwift;
		};
		137551FC2C3FB4560027D51C /* PBXContainerItemProxy */ = {
			isa = PBXContainerItemProxy;
			containerPortal = 137551CE2C3FB4560027D51C /* Pods.xcodeproj */;
			proxyType = 2;
			remoteGlobalIDString = B43874C6CBB50E7134FBEC24BABFE14F;
			remoteInfo = GoogleUtilities;
		};
		137551FE2C3FB4560027D51C /* PBXContainerItemProxy */ = {
			isa = PBXContainerItemProxy;
			containerPortal = 137551CE2C3FB4560027D51C /* Pods.xcodeproj */;
			proxyType = 2;
			remoteGlobalIDString = 1911113E0FBF13CFF9132E5FF7685228;
			remoteInfo = "gRPC-C++";
		};
		137552002C3FB4560027D51C /* PBXContainerItemProxy */ = {
			isa = PBXContainerItemProxy;
			containerPortal = 137551CE2C3FB4560027D51C /* Pods.xcodeproj */;
			proxyType = 2;
			remoteGlobalIDString = 9C7C87B5D0A6752AFA2642F1BCA967A3;
			remoteInfo = "gRPC-C++-gRPCCertificates-Cpp";
		};
		137552022C3FB4560027D51C /* PBXContainerItemProxy */ = {
			isa = PBXContainerItemProxy;
			containerPortal = 137551CE2C3FB4560027D51C /* Pods.xcodeproj */;
			proxyType = 2;
			remoteGlobalIDString = B471867C535B02FA55D87E260F6480F8;
			remoteInfo = "gRPC-Core";
		};
		137552042C3FB4560027D51C /* PBXContainerItemProxy */ = {
			isa = PBXContainerItemProxy;
			containerPortal = 137551CE2C3FB4560027D51C /* Pods.xcodeproj */;
			proxyType = 2;
			remoteGlobalIDString = C1998E0D8085221AD87F89B614C10E52;
			remoteInfo = GTMSessionFetcher;
		};
		137552062C3FB4560027D51C /* PBXContainerItemProxy */ = {
			isa = PBXContainerItemProxy;
			containerPortal = 137551CE2C3FB4560027D51C /* Pods.xcodeproj */;
			proxyType = 2;
			remoteGlobalIDString = 0A9F46A999C47653013D3AD854352507;
			remoteInfo = "leveldb-library";
		};
		137552082C3FB4560027D51C /* PBXContainerItemProxy */ = {
			isa = PBXContainerItemProxy;
			containerPortal = 137551CE2C3FB4560027D51C /* Pods.xcodeproj */;
			proxyType = 2;
			remoteGlobalIDString = 06FC5C9CF96D60C50FCD47D339C91951;
			remoteInfo = nanopb;
		};
		1375520A2C3FB4560027D51C /* PBXContainerItemProxy */ = {
			isa = PBXContainerItemProxy;
			containerPortal = 137551CE2C3FB4560027D51C /* Pods.xcodeproj */;
			proxyType = 2;
			remoteGlobalIDString = 61E75DC80543DF7605A7EEFE89CE66DF;
			remoteInfo = "Pods-Flash Chat iOS13";
		};
		1375520C2C3FB4560027D51C /* PBXContainerItemProxy */ = {
			isa = PBXContainerItemProxy;
			containerPortal = 137551CE2C3FB4560027D51C /* Pods.xcodeproj */;
			proxyType = 2;
			remoteGlobalIDString = 3347A1AB6546F0A3977529B8F199DC41;
			remoteInfo = PromisesObjC;
		};
		1375520E2C3FB4560027D51C /* PBXContainerItemProxy */ = {
			isa = PBXContainerItemProxy;
			containerPortal = 137551CE2C3FB4560027D51C /* Pods.xcodeproj */;
			proxyType = 2;
			remoteGlobalIDString = 33D34D2210961B1CBFEC1D194B0AAB9F;
			remoteInfo = RecaptchaInterop;
		};
/* End PBXContainerItemProxy section */

/* Begin PBXFileReference section */
		0B628173235DEE8100E35CAF /* Flash Chat iOS13.app */ = {isa = PBXFileReference; explicitFileType = wrapper.application; includeInIndex = 0; path = "Flash Chat iOS13.app"; sourceTree = BUILT_PRODUCTS_DIR; };
		0B628176235DEE8100E35CAF /* AppDelegate.swift */ = {isa = PBXFileReference; lastKnownFileType = sourcecode.swift; path = AppDelegate.swift; sourceTree = "<group>"; };
		0B628178235DEE8100E35CAF /* SceneDelegate.swift */ = {isa = PBXFileReference; lastKnownFileType = sourcecode.swift; path = SceneDelegate.swift; sourceTree = "<group>"; };
		0B62817F235DEE8400E35CAF /* Assets.xcassets */ = {isa = PBXFileReference; lastKnownFileType = folder.assetcatalog; path = Assets.xcassets; sourceTree = "<group>"; };
		0B628184235DEE8400E35CAF /* Info.plist */ = {isa = PBXFileReference; lastKnownFileType = text.plist.xml; path = Info.plist; sourceTree = "<group>"; };
		0B62818A235DF00000E35CAF /* WelcomeViewController.swift */ = {isa = PBXFileReference; lastKnownFileType = sourcecode.swift; path = WelcomeViewController.swift; sourceTree = "<group>"; };
		0B62818C235DF00B00E35CAF /* RegisterViewController.swift */ = {isa = PBXFileReference; lastKnownFileType = sourcecode.swift; path = RegisterViewController.swift; sourceTree = "<group>"; };
		0B62818E235DF01000E35CAF /* LoginViewController.swift */ = {isa = PBXFileReference; lastKnownFileType = sourcecode.swift; path = LoginViewController.swift; sourceTree = "<group>"; };
		0B628190235DF01B00E35CAF /* ChatViewController.swift */ = {isa = PBXFileReference; lastKnownFileType = sourcecode.swift; path = ChatViewController.swift; sourceTree = "<group>"; };
		0B62819D235F0F4D00E35CAF /* README.md */ = {isa = PBXFileReference; fileEncoding = 4; lastKnownFileType = net.daringfireball.markdown; path = README.md; sourceTree = "<group>"; };
		137551CC2C3FB2150027D51C /* Base */ = {isa = PBXFileReference; lastKnownFileType = file.storyboard; name = Base; path = Base.lproj/Main.storyboard; sourceTree = "<group>"; };
		137551CE2C3FB4560027D51C /* Pods.xcodeproj */ = {isa = PBXFileReference; lastKnownFileType = "wrapper.pb-project"; name = Pods.xcodeproj; path = Pods/Pods.xcodeproj; sourceTree = SOURCE_ROOT; };
		8A15B1BA640ABBF6A5D9168B /* Pods-Flash Chat iOS13.release.xcconfig */ = {isa = PBXFileReference; includeInIndex = 1; lastKnownFileType = text.xcconfig; name = "Pods-Flash Chat iOS13.release.xcconfig"; path = "Target Support Files/Pods-Flash Chat iOS13/Pods-Flash Chat iOS13.release.xcconfig"; sourceTree = "<group>"; };
		8DF8E8B13F37AF1D0106C5DD /* Pods_Flash_Chat_iOS13.framework */ = {isa = PBXFileReference; explicitFileType = wrapper.framework; includeInIndex = 0; path = Pods_Flash_Chat_iOS13.framework; sourceTree = BUILT_PRODUCTS_DIR; };
		CE34E435D4BF96086C47EBD7 /* Pods-Flash Chat iOS13.debug.xcconfig */ = {isa = PBXFileReference; includeInIndex = 1; lastKnownFileType = text.xcconfig; name = "Pods-Flash Chat iOS13.debug.xcconfig"; path = "Target Support Files/Pods-Flash Chat iOS13/Pods-Flash Chat iOS13.debug.xcconfig"; sourceTree = "<group>"; };
		F32B994F2B18AD2300D0A099 /* GoogleService-Info.plist */ = {isa = PBXFileReference; fileEncoding = 4; lastKnownFileType = text.plist.xml; path = "GoogleService-Info.plist"; sourceTree = "<group>"; };
		F3917BFA2B19A83300DB5D42 /* Constants.swift */ = {isa = PBXFileReference; lastKnownFileType = sourcecode.swift; path = Constants.swift; sourceTree = "<group>"; };
		F3917BFC2B19ACDD00DB5D42 /* Message.swift */ = {isa = PBXFileReference; lastKnownFileType = sourcecode.swift; path = Message.swift; sourceTree = "<group>"; };
		F3917C062B19BA6A00DB5D42 /* MessageCell.swift */ = {isa = PBXFileReference; lastKnownFileType = sourcecode.swift; path = MessageCell.swift; sourceTree = "<group>"; };
		F3917C072B19BA6A00DB5D42 /* MessageCell.xib */ = {isa = PBXFileReference; lastKnownFileType = file.xib; path = MessageCell.xib; sourceTree = "<group>"; };
/* End PBXFileReference section */

/* Begin PBXFrameworksBuildPhase section */
		0B628170235DEE8100E35CAF /* Frameworks */ = {
			isa = PBXFrameworksBuildPhase;
			buildActionMask = 2147483647;
			files = (
				115201873AC150BB860781C5 /* Pods_Flash_Chat_iOS13.framework in Frameworks */,
				F32B994E2B18AB9C00D0A099 /* Alamofire in Frameworks */,
				F3917C0D2B282EEE00DB5D42 /* IQKeyboardManagerSwift in Frameworks */,
			);
			runOnlyForDeploymentPostprocessing = 0;
		};
/* End PBXFrameworksBuildPhase section */

/* Begin PBXGroup section */
		0B62816A235DEE8100E35CAF = {
			isa = PBXGroup;
			children = (
				0B62819D235F0F4D00E35CAF /* README.md */,
				0B628175235DEE8100E35CAF /* Flash Chat iOS13 */,
				0B628174235DEE8100E35CAF /* Products */,
				5A1F468182EB54F02BFE4E65 /* Pods */,
				96C1CD04CA32A3A9AB8F50BE /* Frameworks */,
			);
			sourceTree = "<group>";
		};
		0B628174235DEE8100E35CAF /* Products */ = {
			isa = PBXGroup;
			children = (
				0B628173235DEE8100E35CAF /* Flash Chat iOS13.app */,
			);
			name = Products;
			sourceTree = "<group>";
		};
		0B628175235DEE8100E35CAF /* Flash Chat iOS13 */ = {
			isa = PBXGroup;
			children = (
				0B628176235DEE8100E35CAF /* AppDelegate.swift */,
				0B628178235DEE8100E35CAF /* SceneDelegate.swift */,
				F32B994B2B18A30100D0A099 /* Models */,
				0B628193235DF03400E35CAF /* Views */,
				0B628192235DF02000E35CAF /* Controllers */,
				0B62817F235DEE8400E35CAF /* Assets.xcassets */,
				0B628184235DEE8400E35CAF /* Info.plist */,
				F32B994F2B18AD2300D0A099 /* GoogleService-Info.plist */,
				F3917BFA2B19A83300DB5D42 /* Constants.swift */,
				137551CE2C3FB4560027D51C /* Pods.xcodeproj */,
			);
			path = "Flash Chat iOS13";
			sourceTree = "<group>";
		};
		0B628192235DF02000E35CAF /* Controllers */ = {
			isa = PBXGroup;
			children = (
				0B62818A235DF00000E35CAF /* WelcomeViewController.swift */,
				0B62818C235DF00B00E35CAF /* RegisterViewController.swift */,
				0B62818E235DF01000E35CAF /* LoginViewController.swift */,
				0B628190235DF01B00E35CAF /* ChatViewController.swift */,
			);
			path = Controllers;
			sourceTree = "<group>";
		};
		0B628193235DF03400E35CAF /* Views */ = {
			isa = PBXGroup;
			children = (
				137551CB2C3FB2150027D51C /* Main.storyboard */,
				F3917C062B19BA6A00DB5D42 /* MessageCell.swift */,
				F3917C072B19BA6A00DB5D42 /* MessageCell.xib */,
			);
			path = Views;
			sourceTree = "<group>";
		};
		137551CF2C3FB4560027D51C /* Products */ = {
			isa = PBXGroup;
			children = (
				137551E72C3FB4560027D51C /* abseil */,
				137551E92C3FB4560027D51C /* BoringSSL-GRPC */,
				137551EB2C3FB4560027D51C /* CLTypingLabel */,
				137551ED2C3FB4560027D51C /* FirebaseAppCheckInterop */,
				137551EF2C3FB4560027D51C /* FirebaseAuth */,
				137551F12C3FB4560027D51C /* FirebaseCore */,
				137551F32C3FB4560027D51C /* FirebaseCoreExtension */,
				137551F52C3FB4560027D51C /* FirebaseCoreInternal */,
				137551F72C3FB4560027D51C /* FirebaseFirestore */,
				137551F92C3FB4560027D51C /* FirebaseFirestoreInternal */,
				137551FB2C3FB4560027D51C /* FirebaseSharedSwift */,
				137551FD2C3FB4560027D51C /* GoogleUtilities */,
				137551FF2C3FB4560027D51C /* gRPC-C++ */,
				137552012C3FB4560027D51C /* gRPC-C++-gRPCCertificates-Cpp */,
				137552032C3FB4560027D51C /* gRPC-Core */,
				137552052C3FB4560027D51C /* GTMSessionFetcher */,
				137552072C3FB4560027D51C /* leveldb-library */,
				137552092C3FB4560027D51C /* nanopb */,
				1375520B2C3FB4560027D51C /* Pods-Flash Chat iOS13 */,
				1375520D2C3FB4560027D51C /* PromisesObjC */,
				1375520F2C3FB4560027D51C /* RecaptchaInterop */,
			);
			name = Products;
			sourceTree = "<group>";
		};
		5A1F468182EB54F02BFE4E65 /* Pods */ = {
			isa = PBXGroup;
			children = (
				CE34E435D4BF96086C47EBD7 /* Pods-Flash Chat iOS13.debug.xcconfig */,
				8A15B1BA640ABBF6A5D9168B /* Pods-Flash Chat iOS13.release.xcconfig */,
			);
			path = Pods;
			sourceTree = "<group>";
		};
		96C1CD04CA32A3A9AB8F50BE /* Frameworks */ = {
			isa = PBXGroup;
			children = (
				8DF8E8B13F37AF1D0106C5DD /* Pods_Flash_Chat_iOS13.framework */,
			);
			name = Frameworks;
			sourceTree = "<group>";
		};
		F32B994B2B18A30100D0A099 /* Models */ = {
			isa = PBXGroup;
			children = (
				F3917BFC2B19ACDD00DB5D42 /* Message.swift */,
			);
			path = Models;
			sourceTree = "<group>";
		};
/* End PBXGroup section */

/* Begin PBXNativeTarget section */
		0B628172235DEE8100E35CAF /* Flash Chat iOS13 */ = {
			isa = PBXNativeTarget;
			buildConfigurationList = 0B628187235DEE8400E35CAF /* Build configuration list for PBXNativeTarget "Flash Chat iOS13" */;
			buildPhases = (
				947C73AA54B131DF4493B90D /* [CP] Check Pods Manifest.lock */,
				0B62816F235DEE8100E35CAF /* Sources */,
				0B628170235DEE8100E35CAF /* Frameworks */,
				0B628171235DEE8100E35CAF /* Resources */,
				4FB66728F6A4FA86B52CE2CB /* [CP] Embed Pods Frameworks */,
			);
			buildRules = (
			);
			dependencies = (
			);
			name = "Flash Chat iOS13";
			packageProductDependencies = (
				F32B994D2B18AB9C00D0A099 /* Alamofire */,
				F3917C0C2B282EEE00DB5D42 /* IQKeyboardManagerSwift */,
			);
			productName = "Flash Chat iOS13";
			productReference = 0B628173235DEE8100E35CAF /* Flash Chat iOS13.app */;
			productType = "com.apple.product-type.application";
		};
/* End PBXNativeTarget section */

/* Begin PBXProject section */
		0B62816B235DEE8100E35CAF /* Project object */ = {
			isa = PBXProject;
			attributes = {
				LastSwiftUpdateCheck = 1110;
				LastUpgradeCheck = 1110;
				ORGANIZATIONNAME = "Angela Yu";
				TargetAttributes = {
					0B628172235DEE8100E35CAF = {
						CreatedOnToolsVersion = 11.1;
					};
				};
			};
			buildConfigurationList = 0B62816E235DEE8100E35CAF /* Build configuration list for PBXProject "Flash Chat iOS13" */;
			compatibilityVersion = "Xcode 9.3";
			developmentRegion = en;
			hasScannedForEncodings = 0;
			knownRegions = (
				en,
				Base,
			);
			mainGroup = 0B62816A235DEE8100E35CAF;
			packageReferences = (
				F32B994C2B18AB9C00D0A099 /* XCRemoteSwiftPackageReference "Alamofire" */,
				F3917C0B2B282EEE00DB5D42 /* XCRemoteSwiftPackageReference "IQKeyboardManager" */,
			);
			productRefGroup = 0B628174235DEE8100E35CAF /* Products */;
			projectDirPath = "";
			projectReferences = (
				{
					ProductGroup = 137551CF2C3FB4560027D51C /* Products */;
					ProjectRef = 137551CE2C3FB4560027D51C /* Pods.xcodeproj */;
				},
			);
			projectRoot = "";
			targets = (
				0B628172235DEE8100E35CAF /* Flash Chat iOS13 */,
			);
		};
/* End PBXProject section */

/* Begin PBXReferenceProxy section */
		137551E72C3FB4560027D51C /* abseil */ = {
			isa = PBXReferenceProxy;
			fileType = wrapper.framework;
			name = abseil;
			path = absl.framework;
			remoteRef = 137551E62C3FB4560027D51C /* PBXContainerItemProxy */;
			sourceTree = BUILT_PRODUCTS_DIR;
		};
		137551E92C3FB4560027D51C /* BoringSSL-GRPC */ = {
			isa = PBXReferenceProxy;
			fileType = wrapper.framework;
			name = "BoringSSL-GRPC";
			path = openssl_grpc.framework;
			remoteRef = 137551E82C3FB4560027D51C /* PBXContainerItemProxy */;
			sourceTree = BUILT_PRODUCTS_DIR;
		};
		137551EB2C3FB4560027D51C /* CLTypingLabel */ = {
			isa = PBXReferenceProxy;
			fileType = wrapper.framework;
			name = CLTypingLabel;
			path = CLTypingLabel.framework;
			remoteRef = 137551EA2C3FB4560027D51C /* PBXContainerItemProxy */;
			sourceTree = BUILT_PRODUCTS_DIR;
		};
		137551ED2C3FB4560027D51C /* FirebaseAppCheckInterop */ = {
			isa = PBXReferenceProxy;
			fileType = wrapper.framework;
			name = FirebaseAppCheckInterop;
			path = FirebaseAppCheckInterop.framework;
			remoteRef = 137551EC2C3FB4560027D51C /* PBXContainerItemProxy */;
			sourceTree = BUILT_PRODUCTS_DIR;
		};
		137551EF2C3FB4560027D51C /* FirebaseAuth */ = {
			isa = PBXReferenceProxy;
			fileType = wrapper.framework;
			name = FirebaseAuth;
			path = FirebaseAuth.framework;
			remoteRef = 137551EE2C3FB4560027D51C /* PBXContainerItemProxy */;
			sourceTree = BUILT_PRODUCTS_DIR;
		};
		137551F12C3FB4560027D51C /* FirebaseCore */ = {
			isa = PBXReferenceProxy;
			fileType = wrapper.framework;
			name = FirebaseCore;
			path = FirebaseCore.framework;
			remoteRef = 137551F02C3FB4560027D51C /* PBXContainerItemProxy */;
			sourceTree = BUILT_PRODUCTS_DIR;
		};
		137551F32C3FB4560027D51C /* FirebaseCoreExtension */ = {
			isa = PBXReferenceProxy;
			fileType = wrapper.framework;
			name = FirebaseCoreExtension;
			path = FirebaseCoreExtension.framework;
			remoteRef = 137551F22C3FB4560027D51C /* PBXContainerItemProxy */;
			sourceTree = BUILT_PRODUCTS_DIR;
		};
		137551F52C3FB4560027D51C /* FirebaseCoreInternal */ = {
			isa = PBXReferenceProxy;
			fileType = wrapper.framework;
			name = FirebaseCoreInternal;
			path = FirebaseCoreInternal.framework;
			remoteRef = 137551F42C3FB4560027D51C /* PBXContainerItemProxy */;
			sourceTree = BUILT_PRODUCTS_DIR;
		};
		137551F72C3FB4560027D51C /* FirebaseFirestore */ = {
			isa = PBXReferenceProxy;
			fileType = wrapper.framework;
			name = FirebaseFirestore;
			path = FirebaseFirestore.framework;
			remoteRef = 137551F62C3FB4560027D51C /* PBXContainerItemProxy */;
			sourceTree = BUILT_PRODUCTS_DIR;
		};
		137551F92C3FB4560027D51C /* FirebaseFirestoreInternal */ = {
			isa = PBXReferenceProxy;
			fileType = wrapper.framework;
			name = FirebaseFirestoreInternal;
			path = FirebaseFirestoreInternal.framework;
			remoteRef = 137551F82C3FB4560027D51C /* PBXContainerItemProxy */;
			sourceTree = BUILT_PRODUCTS_DIR;
		};
		137551FB2C3FB4560027D51C /* FirebaseSharedSwift */ = {
			isa = PBXReferenceProxy;
			fileType = wrapper.framework;
			name = FirebaseSharedSwift;
			path = FirebaseSharedSwift.framework;
			remoteRef = 137551FA2C3FB4560027D51C /* PBXContainerItemProxy */;
			sourceTree = BUILT_PRODUCTS_DIR;
		};
		137551FD2C3FB4560027D51C /* GoogleUtilities */ = {
			isa = PBXReferenceProxy;
			fileType = wrapper.framework;
			name = GoogleUtilities;
			path = GoogleUtilities.framework;
			remoteRef = 137551FC2C3FB4560027D51C /* PBXContainerItemProxy */;
			sourceTree = BUILT_PRODUCTS_DIR;
		};
		137551FF2C3FB4560027D51C /* gRPC-C++ */ = {
			isa = PBXReferenceProxy;
			fileType = wrapper.framework;
			name = "gRPC-C++";
			path = grpcpp.framework;
			remoteRef = 137551FE2C3FB4560027D51C /* PBXContainerItemProxy */;
			sourceTree = BUILT_PRODUCTS_DIR;
		};
		137552012C3FB4560027D51C /* gRPC-C++-gRPCCertificates-Cpp */ = {
			isa = PBXReferenceProxy;
			fileType = wrapper.cfbundle;
			name = "gRPC-C++-gRPCCertificates-Cpp";
			path = "gRPCCertificates-Cpp.bundle";
			remoteRef = 137552002C3FB4560027D51C /* PBXContainerItemProxy */;
			sourceTree = BUILT_PRODUCTS_DIR;
		};
		137552032C3FB4560027D51C /* gRPC-Core */ = {
			isa = PBXReferenceProxy;
			fileType = wrapper.framework;
			name = "gRPC-Core";
			path = grpc.framework;
			remoteRef = 137552022C3FB4560027D51C /* PBXContainerItemProxy */;
			sourceTree = BUILT_PRODUCTS_DIR;
		};
		137552052C3FB4560027D51C /* GTMSessionFetcher */ = {
			isa = PBXReferenceProxy;
			fileType = wrapper.framework;
			name = GTMSessionFetcher;
			path = GTMSessionFetcher.framework;
			remoteRef = 137552042C3FB4560027D51C /* PBXContainerItemProxy */;
			sourceTree = BUILT_PRODUCTS_DIR;
		};
		137552072C3FB4560027D51C /* leveldb-library */ = {
			isa = PBXReferenceProxy;
			fileType = wrapper.framework;
			name = "leveldb-library";
			path = leveldb.framework;
			remoteRef = 137552062C3FB4560027D51C /* PBXContainerItemProxy */;
			sourceTree = BUILT_PRODUCTS_DIR;
		};
		137552092C3FB4560027D51C /* nanopb */ = {
			isa = PBXReferenceProxy;
			fileType = wrapper.framework;
			name = nanopb;
			path = nanopb.framework;
			remoteRef = 137552082C3FB4560027D51C /* PBXContainerItemProxy */;
			sourceTree = BUILT_PRODUCTS_DIR;
		};
		1375520B2C3FB4560027D51C /* Pods-Flash Chat iOS13 */ = {
			isa = PBXReferenceProxy;
			fileType = wrapper.framework;
			name = "Pods-Flash Chat iOS13";
			path = Pods_Flash_Chat_iOS13.framework;
			remoteRef = 1375520A2C3FB4560027D51C /* PBXContainerItemProxy */;
			sourceTree = BUILT_PRODUCTS_DIR;
		};
		1375520D2C3FB4560027D51C /* PromisesObjC */ = {
			isa = PBXReferenceProxy;
			fileType = wrapper.framework;
			name = PromisesObjC;
			path = FBLPromises.framework;
			remoteRef = 1375520C2C3FB4560027D51C /* PBXContainerItemProxy */;
			sourceTree = BUILT_PRODUCTS_DIR;
		};
		1375520F2C3FB4560027D51C /* RecaptchaInterop */ = {
			isa = PBXReferenceProxy;
			fileType = wrapper.framework;
			name = RecaptchaInterop;
			path = RecaptchaInterop.framework;
			remoteRef = 1375520E2C3FB4560027D51C /* PBXContainerItemProxy */;
			sourceTree = BUILT_PRODUCTS_DIR;
		};
/* End PBXReferenceProxy section */

/* Begin PBXResourcesBuildPhase section */
		0B628171235DEE8100E35CAF /* Resources */ = {
			isa = PBXResourcesBuildPhase;
			buildActionMask = 2147483647;
			files = (
				F3917C092B19BA6A00DB5D42 /* MessageCell.xib in Resources */,
				0B628180235DEE8400E35CAF /* Assets.xcassets in Resources */,
				F32B99502B18AD2300D0A099 /* GoogleService-Info.plist in Resources */,
				137551CD2C3FB2150027D51C /* Main.storyboard in Resources */,
				0B62819E235F0F4D00E35CAF /* README.md in Resources */,
			);
			runOnlyForDeploymentPostprocessing = 0;
		};
/* End PBXResourcesBuildPhase section */

/* Begin PBXShellScriptBuildPhase section */
		4FB66728F6A4FA86B52CE2CB /* [CP] Embed Pods Frameworks */ = {
			isa = PBXShellScriptBuildPhase;
			buildActionMask = 2147483647;
			files = (
			);
			inputFileListPaths = (
				"${PODS_ROOT}/Target Support Files/Pods-Flash Chat iOS13/Pods-Flash Chat iOS13-frameworks-${CONFIGURATION}-input-files.xcfilelist",
			);
			name = "[CP] Embed Pods Frameworks";
			outputFileListPaths = (
				"${PODS_ROOT}/Target Support Files/Pods-Flash Chat iOS13/Pods-Flash Chat iOS13-frameworks-${CONFIGURATION}-output-files.xcfilelist",
			);
			runOnlyForDeploymentPostprocessing = 0;
			shellPath = /bin/sh;
			shellScript = "\"${PODS_ROOT}/Target Support Files/Pods-Flash Chat iOS13/Pods-Flash Chat iOS13-frameworks.sh\"\n";
			showEnvVarsInLog = 0;
		};
		947C73AA54B131DF4493B90D /* [CP] Check Pods Manifest.lock */ = {
			isa = PBXShellScriptBuildPhase;
			buildActionMask = 2147483647;
			files = (
			);
			inputFileListPaths = (
			);
			inputPaths = (
				"${PODS_PODFILE_DIR_PATH}/Podfile.lock",
				"${PODS_ROOT}/Manifest.lock",
			);
			name = "[CP] Check Pods Manifest.lock";
			outputFileListPaths = (
			);
			outputPaths = (
				"$(DERIVED_FILE_DIR)/Pods-Flash Chat iOS13-checkManifestLockResult.txt",
			);
			runOnlyForDeploymentPostprocessing = 0;
			shellPath = /bin/sh;
			shellScript = "diff \"${PODS_PODFILE_DIR_PATH}/Podfile.lock\" \"${PODS_ROOT}/Manifest.lock\" > /dev/null\nif [ $? != 0 ] ; then\n    # print error to STDERR\n    echo \"error: The sandbox is not in sync with the Podfile.lock. Run 'pod install' or update your CocoaPods installation.\" >&2\n    exit 1\nfi\n# This output is used by Xcode 'outputs' to avoid re-running this script phase.\necho \"SUCCESS\" > \"${SCRIPT_OUTPUT_FILE_0}\"\n";
			showEnvVarsInLog = 0;
		};
/* End PBXShellScriptBuildPhase section */

/* Begin PBXSourcesBuildPhase section */
		0B62816F235DEE8100E35CAF /* Sources */ = {
			isa = PBXSourcesBuildPhase;
			buildActionMask = 2147483647;
			files = (
				0B62818B235DF00000E35CAF /* WelcomeViewController.swift in Sources */,
				0B628177235DEE8100E35CAF /* AppDelegate.swift in Sources */,
				0B628179235DEE8100E35CAF /* SceneDelegate.swift in Sources */,
				0B62818F235DF01000E35CAF /* LoginViewController.swift in Sources */,
				F3917BFB2B19A83300DB5D42 /* Constants.swift in Sources */,
				F3917BFD2B19ACDD00DB5D42 /* Message.swift in Sources */,
				0B628191235DF01B00E35CAF /* ChatViewController.swift in Sources */,
				0B62818D235DF00B00E35CAF /* RegisterViewController.swift in Sources */,
				F3917C082B19BA6A00DB5D42 /* MessageCell.swift in Sources */,
			);
			runOnlyForDeploymentPostprocessing = 0;
		};
/* End PBXSourcesBuildPhase section */

/* Begin PBXVariantGroup section */
		137551CB2C3FB2150027D51C /* Main.storyboard */ = {
			isa = PBXVariantGroup;
			children = (
				137551CC2C3FB2150027D51C /* Base */,
			);
			name = Main.storyboard;
			sourceTree = "<group>";
		};
/* End PBXVariantGroup section */

/* Begin XCBuildConfiguration section */
		0B628185235DEE8400E35CAF /* Debug */ = {
			isa = XCBuildConfiguration;
			buildSettings = {
				ALWAYS_SEARCH_USER_PATHS = NO;
				CLANG_ANALYZER_NONNULL = YES;
				CLANG_ANALYZER_NUMBER_OBJECT_CONVERSION = YES_AGGRESSIVE;
				CLANG_CXX_LANGUAGE_STANDARD = "gnu++14";
				CLANG_CXX_LIBRARY = "libc++";
				CLANG_ENABLE_MODULES = YES;
				CLANG_ENABLE_OBJC_ARC = YES;
				CLANG_ENABLE_OBJC_WEAK = YES;
				CLANG_WARN_BLOCK_CAPTURE_AUTORELEASING = YES;
				CLANG_WARN_BOOL_CONVERSION = YES;
				CLANG_WARN_COMMA = YES;
				CLANG_WARN_CONSTANT_CONVERSION = YES;
				CLANG_WARN_DEPRECATED_OBJC_IMPLEMENTATIONS = YES;
				CLANG_WARN_DIRECT_OBJC_ISA_USAGE = YES_ERROR;
				CLANG_WARN_DOCUMENTATION_COMMENTS = YES;
				CLANG_WARN_EMPTY_BODY = YES;
				CLANG_WARN_ENUM_CONVERSION = YES;
				CLANG_WARN_INFINITE_RECURSION = YES;
				CLANG_WARN_INT_CONVERSION = YES;
				CLANG_WARN_NON_LITERAL_NULL_CONVERSION = YES;
				CLANG_WARN_OBJC_IMPLICIT_RETAIN_SELF = YES;
				CLANG_WARN_OBJC_LITERAL_CONVERSION = YES;
				CLANG_WARN_OBJC_ROOT_CLASS = YES_ERROR;
				CLANG_WARN_RANGE_LOOP_ANALYSIS = YES;
				CLANG_WARN_STRICT_PROTOTYPES = YES;
				CLANG_WARN_SUSPICIOUS_MOVE = YES;
				CLANG_WARN_UNGUARDED_AVAILABILITY = YES_AGGRESSIVE;
				CLANG_WARN_UNREACHABLE_CODE = YES;
				CLANG_WARN__DUPLICATE_METHOD_MATCH = YES;
				COPY_PHASE_STRIP = NO;
				DEBUG_INFORMATION_FORMAT = dwarf;
				ENABLE_STRICT_OBJC_MSGSEND = YES;
				ENABLE_TESTABILITY = YES;
				GCC_C_LANGUAGE_STANDARD = gnu11;
				GCC_DYNAMIC_NO_PIC = NO;
				GCC_NO_COMMON_BLOCKS = YES;
				GCC_OPTIMIZATION_LEVEL = 0;
				GCC_PREPROCESSOR_DEFINITIONS = (
					"DEBUG=1",
					"$(inherited)",
				);
				GCC_WARN_64_TO_32_BIT_CONVERSION = YES;
				GCC_WARN_ABOUT_RETURN_TYPE = YES_ERROR;
				GCC_WARN_UNDECLARED_SELECTOR = YES;
				GCC_WARN_UNINITIALIZED_AUTOS = YES_AGGRESSIVE;
				GCC_WARN_UNUSED_FUNCTION = YES;
				GCC_WARN_UNUSED_VARIABLE = YES;
				IPHONEOS_DEPLOYMENT_TARGET = 13.0;
				MTL_ENABLE_DEBUG_INFO = INCLUDE_SOURCE;
				MTL_FAST_MATH = YES;
				ONLY_ACTIVE_ARCH = YES;
				SDKROOT = iphoneos;
				SWIFT_ACTIVE_COMPILATION_CONDITIONS = DEBUG;
				SWIFT_OPTIMIZATION_LEVEL = "-Onone";
			};
			name = Debug;
		};
		0B628186235DEE8400E35CAF /* Release */ = {
			isa = XCBuildConfiguration;
			buildSettings = {
				ALWAYS_SEARCH_USER_PATHS = NO;
				CLANG_ANALYZER_NONNULL = YES;
				CLANG_ANALYZER_NUMBER_OBJECT_CONVERSION = YES_AGGRESSIVE;
				CLANG_CXX_LANGUAGE_STANDARD = "gnu++14";
				CLANG_CXX_LIBRARY = "libc++";
				CLANG_ENABLE_MODULES = YES;
				CLANG_ENABLE_OBJC_ARC = YES;
				CLANG_ENABLE_OBJC_WEAK = YES;
				CLANG_WARN_BLOCK_CAPTURE_AUTORELEASING = YES;
				CLANG_WARN_BOOL_CONVERSION = YES;
				CLANG_WARN_COMMA = YES;
				CLANG_WARN_CONSTANT_CONVERSION = YES;
				CLANG_WARN_DEPRECATED_OBJC_IMPLEMENTATIONS = YES;
				CLANG_WARN_DIRECT_OBJC_ISA_USAGE = YES_ERROR;
				CLANG_WARN_DOCUMENTATION_COMMENTS = YES;
				CLANG_WARN_EMPTY_BODY = YES;
				CLANG_WARN_ENUM_CONVERSION = YES;
				CLANG_WARN_INFINITE_RECURSION = YES;
				CLANG_WARN_INT_CONVERSION = YES;
				CLANG_WARN_NON_LITERAL_NULL_CONVERSION = YES;
				CLANG_WARN_OBJC_IMPLICIT_RETAIN_SELF = YES;
				CLANG_WARN_OBJC_LITERAL_CONVERSION = YES;
				CLANG_WARN_OBJC_ROOT_CLASS = YES_ERROR;
				CLANG_WARN_RANGE_LOOP_ANALYSIS = YES;
				CLANG_WARN_STRICT_PROTOTYPES = YES;
				CLANG_WARN_SUSPICIOUS_MOVE = YES;
				CLANG_WARN_UNGUARDED_AVAILABILITY = YES_AGGRESSIVE;
				CLANG_WARN_UNREACHABLE_CODE = YES;
				CLANG_WARN__DUPLICATE_METHOD_MATCH = YES;
				COPY_PHASE_STRIP = NO;
				DEBUG_INFORMATION_FORMAT = "dwarf-with-dsym";
				ENABLE_NS_ASSERTIONS = NO;
				ENABLE_STRICT_OBJC_MSGSEND = YES;
				GCC_C_LANGUAGE_STANDARD = gnu11;
				GCC_NO_COMMON_BLOCKS = YES;
				GCC_WARN_64_TO_32_BIT_CONVERSION = YES;
				GCC_WARN_ABOUT_RETURN_TYPE = YES_ERROR;
				GCC_WARN_UNDECLARED_SELECTOR = YES;
				GCC_WARN_UNINITIALIZED_AUTOS = YES_AGGRESSIVE;
				GCC_WARN_UNUSED_FUNCTION = YES;
				GCC_WARN_UNUSED_VARIABLE = YES;
				IPHONEOS_DEPLOYMENT_TARGET = 13.0;
				MTL_ENABLE_DEBUG_INFO = NO;
				MTL_FAST_MATH = YES;
				SDKROOT = iphoneos;
				SWIFT_COMPILATION_MODE = wholemodule;
				SWIFT_OPTIMIZATION_LEVEL = "-O";
				VALIDATE_PRODUCT = YES;
			};
			name = Release;
		};
		0B628188235DEE8400E35CAF /* Debug */ = {
			isa = XCBuildConfiguration;
			baseConfigurationReference = CE34E435D4BF96086C47EBD7 /* Pods-Flash Chat iOS13.debug.xcconfig */;
			buildSettings = {
				ASSETCATALOG_COMPILER_APPICON_NAME = AppIcon;
				CODE_SIGN_STYLE = Automatic;
				DEVELOPMENT_TEAM = 3ECFYJZ64T;
				INFOPLIST_FILE = "Flash Chat iOS13/Info.plist";
				LD_RUNPATH_SEARCH_PATHS = (
					"$(inherited)",
					"@executable_path/Frameworks",
				);
				PRODUCT_BUNDLE_IDENTIFIER = "co.biswa.Flash-Chat-iOS13";
				PRODUCT_NAME = "$(TARGET_NAME)";
				SWIFT_VERSION = 5.0;
				TARGETED_DEVICE_FAMILY = 1;
			};
			name = Debug;
		};
		0B628189235DEE8400E35CAF /* Release */ = {
			isa = XCBuildConfiguration;
			baseConfigurationReference = 8A15B1BA640ABBF6A5D9168B /* Pods-Flash Chat iOS13.release.xcconfig */;
			buildSettings = {
				ASSETCATALOG_COMPILER_APPICON_NAME = AppIcon;
				CODE_SIGN_STYLE = Automatic;
				DEVELOPMENT_TEAM = 3ECFYJZ64T;
				INFOPLIST_FILE = "Flash Chat iOS13/Info.plist";
				LD_RUNPATH_SEARCH_PATHS = (
					"$(inherited)",
					"@executable_path/Frameworks",
				);
				PRODUCT_BUNDLE_IDENTIFIER = "co.biswa.Flash-Chat-iOS13";
				PRODUCT_NAME = "$(TARGET_NAME)";
				SWIFT_VERSION = 5.0;
				TARGETED_DEVICE_FAMILY = 1;
			};
			name = Release;
		};
/* End XCBuildConfiguration section */

/* Begin XCConfigurationList section */
		0B62816E235DEE8100E35CAF /* Build configuration list for PBXProject "Flash Chat iOS13" */ = {
			isa = XCConfigurationList;
			buildConfigurations = (
				0B628185235DEE8400E35CAF /* Debug */,
				0B628186235DEE8400E35CAF /* Release */,
			);
			defaultConfigurationIsVisible = 0;
			defaultConfigurationName = Release;
		};
		0B628187235DEE8400E35CAF /* Build configuration list for PBXNativeTarget "Flash Chat iOS13" */ = {
			isa = XCConfigurationList;
			buildConfigurations = (
				0B628188235DEE8400E35CAF /* Debug */,
				0B628189235DEE8400E35CAF /* Release */,
			);
			defaultConfigurationIsVisible = 0;
			defaultConfigurationName = Release;
		};
/* End XCConfigurationList section */

/* Begin XCRemoteSwiftPackageReference section */
		F32B994C2B18AB9C00D0A099 /* XCRemoteSwiftPackageReference "Alamofire" */ = {
			isa = XCRemoteSwiftPackageReference;
			repositoryURL = "https://github.com/Alamofire/Alamofire";
			requirement = {
				kind = upToNextMajorVersion;
				minimumVersion = 5.8.1;
			};
		};
		F3917C0B2B282EEE00DB5D42 /* XCRemoteSwiftPackageReference "IQKeyboardManager" */ = {
			isa = XCRemoteSwiftPackageReference;
			repositoryURL = "https://github.com/hackiftekhar/IQKeyboardManager";
			requirement = {
				kind = upToNextMajorVersion;
				minimumVersion = 6.5.16;
			};
		};
/* End XCRemoteSwiftPackageReference section */

/* Begin XCSwiftPackageProductDependency section */
		F32B994D2B18AB9C00D0A099 /* Alamofire */ = {
			isa = XCSwiftPackageProductDependency;
			package = F32B994C2B18AB9C00D0A099 /* XCRemoteSwiftPackageReference "Alamofire" */;
			productName = Alamofire;
		};
		F3917C0C2B282EEE00DB5D42 /* IQKeyboardManagerSwift */ = {
			isa = XCSwiftPackageProductDependency;
			package = F3917C0B2B282EEE00DB5D42 /* XCRemoteSwiftPackageReference "IQKeyboardManager" */;
			productName = IQKeyboardManagerSwift;
		};
/* End XCSwiftPackageProductDependency section */
	};
	rootObject = 0B62816B235DEE8100E35CAF /* Project object */;
}
